// !$*UTF8*$!
{
	archiveVersion = 1;
	classes = {
	};
	objectVersion = 56;
	objects = {

/* Begin PBXBuildFile section */
		3F171C942A27981400E25F31 /* AppDelegate.swift in Sources */ = {isa = PBXBuildFile; fileRef = 3F171C932A27981400E25F31 /* AppDelegate.swift */; };
		3F171C962A27981400E25F31 /* SceneDelegate.swift in Sources */ = {isa = PBXBuildFile; fileRef = 3F171C952A27981400E25F31 /* SceneDelegate.swift */; };
		3F171C982A27981400E25F31 /* RMTabBarController.swift in Sources */ = {isa = PBXBuildFile; fileRef = 3F171C972A27981400E25F31 /* RMTabBarController.swift */; };
		3F171C9D2A27981800E25F31 /* Assets.xcassets in Resources */ = {isa = PBXBuildFile; fileRef = 3F171C9C2A27981800E25F31 /* Assets.xcassets */; };
		3F171CA02A27981800E25F31 /* LaunchScreen.storyboard in Resources */ = {isa = PBXBuildFile; fileRef = 3F171C9E2A27981800E25F31 /* LaunchScreen.storyboard */; };
		3F171CB02A27A79D00E25F31 /* RMLocation.swift in Sources */ = {isa = PBXBuildFile; fileRef = 3F171CAF2A27A79D00E25F31 /* RMLocation.swift */; };
		3F171CB22A27A7AF00E25F31 /* RMCharacter.swift in Sources */ = {isa = PBXBuildFile; fileRef = 3F171CB12A27A7AF00E25F31 /* RMCharacter.swift */; };
		3F171CB42A27A7C600E25F31 /* RMEpisode.swift in Sources */ = {isa = PBXBuildFile; fileRef = 3F171CB32A27A7C600E25F31 /* RMEpisode.swift */; };
		3F171CB72A27A84F00E25F31 /* RMCharacterViewController.swift in Sources */ = {isa = PBXBuildFile; fileRef = 3F171CB62A27A84F00E25F31 /* RMCharacterViewController.swift */; };
		3F171CB92A27A86E00E25F31 /* RMLocationViewController.swift in Sources */ = {isa = PBXBuildFile; fileRef = 3F171CB82A27A86E00E25F31 /* RMLocationViewController.swift */; };
		3F171CBB2A27A89200E25F31 /* RMEpisodeViewController.swift in Sources */ = {isa = PBXBuildFile; fileRef = 3F171CBA2A27A89200E25F31 /* RMEpisodeViewController.swift */; };
		3F171CBD2A27A8B700E25F31 /* RMSettingsViewController.swift in Sources */ = {isa = PBXBuildFile; fileRef = 3F171CBC2A27A8B700E25F31 /* RMSettingsViewController.swift */; };
		3F171CC02A29351400E25F31 /* RMNetwork.swift in Sources */ = {isa = PBXBuildFile; fileRef = 3F171CBF2A29351400E25F31 /* RMNetwork.swift */; };
		3F171CC22A29352A00E25F31 /* RMRequest.swift in Sources */ = {isa = PBXBuildFile; fileRef = 3F171CC12A29352A00E25F31 /* RMRequest.swift */; };
		3F171CC42A2935D900E25F31 /* RMEndPoint.swift in Sources */ = {isa = PBXBuildFile; fileRef = 3F171CC32A2935D900E25F31 /* RMEndPoint.swift */; };
		3F171CC62A293BC500E25F31 /* RMOrigin.swift in Sources */ = {isa = PBXBuildFile; fileRef = 3F171CC52A293BC500E25F31 /* RMOrigin.swift */; };
		3F171CC82A293C8000E25F31 /* RMSingleLocation.swift in Sources */ = {isa = PBXBuildFile; fileRef = 3F171CC72A293C8000E25F31 /* RMSingleLocation.swift */; };
		3F171CCA2A293E8600E25F31 /* RMCharacterStatus.swift in Sources */ = {isa = PBXBuildFile; fileRef = 3F171CC92A293E8600E25F31 /* RMCharacterStatus.swift */; };
		3F171CCC2A293F1800E25F31 /* RMCharacterGender.swift in Sources */ = {isa = PBXBuildFile; fileRef = 3F171CCB2A293F1800E25F31 /* RMCharacterGender.swift */; };
		3F8F9F312A2F88230023EBBA /* GetAllCharactersReponse.swift in Sources */ = {isa = PBXBuildFile; fileRef = 3F8F9F302A2F88230023EBBA /* GetAllCharactersReponse.swift */; };
/* End PBXBuildFile section */

/* Begin PBXFileReference section */
		3F171C902A27981400E25F31 /* RickAndMorty.app */ = {isa = PBXFileReference; explicitFileType = wrapper.application; includeInIndex = 0; path = RickAndMorty.app; sourceTree = BUILT_PRODUCTS_DIR; };
		3F171C932A27981400E25F31 /* AppDelegate.swift */ = {isa = PBXFileReference; lastKnownFileType = sourcecode.swift; path = AppDelegate.swift; sourceTree = "<group>"; };
		3F171C952A27981400E25F31 /* SceneDelegate.swift */ = {isa = PBXFileReference; lastKnownFileType = sourcecode.swift; path = SceneDelegate.swift; sourceTree = "<group>"; };
		3F171C972A27981400E25F31 /* RMTabBarController.swift */ = {isa = PBXFileReference; lastKnownFileType = sourcecode.swift; path = RMTabBarController.swift; sourceTree = "<group>"; };
		3F171C9C2A27981800E25F31 /* Assets.xcassets */ = {isa = PBXFileReference; lastKnownFileType = folder.assetcatalog; path = Assets.xcassets; sourceTree = "<group>"; };
		3F171C9F2A27981800E25F31 /* Base */ = {isa = PBXFileReference; lastKnownFileType = file.storyboard; name = Base; path = Base.lproj/LaunchScreen.storyboard; sourceTree = "<group>"; };
		3F171CA12A27981800E25F31 /* Info.plist */ = {isa = PBXFileReference; lastKnownFileType = text.plist.xml; path = Info.plist; sourceTree = "<group>"; };
		3F171CAF2A27A79D00E25F31 /* RMLocation.swift */ = {isa = PBXFileReference; lastKnownFileType = sourcecode.swift; path = RMLocation.swift; sourceTree = "<group>"; };
		3F171CB12A27A7AF00E25F31 /* RMCharacter.swift */ = {isa = PBXFileReference; lastKnownFileType = sourcecode.swift; path = RMCharacter.swift; sourceTree = "<group>"; };
		3F171CB32A27A7C600E25F31 /* RMEpisode.swift */ = {isa = PBXFileReference; lastKnownFileType = sourcecode.swift; path = RMEpisode.swift; sourceTree = "<group>"; };
		3F171CB62A27A84F00E25F31 /* RMCharacterViewController.swift */ = {isa = PBXFileReference; lastKnownFileType = sourcecode.swift; path = RMCharacterViewController.swift; sourceTree = "<group>"; };
		3F171CB82A27A86E00E25F31 /* RMLocationViewController.swift */ = {isa = PBXFileReference; lastKnownFileType = sourcecode.swift; path = RMLocationViewController.swift; sourceTree = "<group>"; };
		3F171CBA2A27A89200E25F31 /* RMEpisodeViewController.swift */ = {isa = PBXFileReference; lastKnownFileType = sourcecode.swift; path = RMEpisodeViewController.swift; sourceTree = "<group>"; };
		3F171CBC2A27A8B700E25F31 /* RMSettingsViewController.swift */ = {isa = PBXFileReference; lastKnownFileType = sourcecode.swift; path = RMSettingsViewController.swift; sourceTree = "<group>"; };
		3F171CBF2A29351400E25F31 /* RMNetwork.swift */ = {isa = PBXFileReference; lastKnownFileType = sourcecode.swift; path = RMNetwork.swift; sourceTree = "<group>"; };
		3F171CC12A29352A00E25F31 /* RMRequest.swift */ = {isa = PBXFileReference; lastKnownFileType = sourcecode.swift; path = RMRequest.swift; sourceTree = "<group>"; };
		3F171CC32A2935D900E25F31 /* RMEndPoint.swift */ = {isa = PBXFileReference; lastKnownFileType = sourcecode.swift; path = RMEndPoint.swift; sourceTree = "<group>"; };
		3F171CC52A293BC500E25F31 /* RMOrigin.swift */ = {isa = PBXFileReference; lastKnownFileType = sourcecode.swift; path = RMOrigin.swift; sourceTree = "<group>"; };
		3F171CC72A293C8000E25F31 /* RMSingleLocation.swift */ = {isa = PBXFileReference; lastKnownFileType = sourcecode.swift; path = RMSingleLocation.swift; sourceTree = "<group>"; };
		3F171CC92A293E8600E25F31 /* RMCharacterStatus.swift */ = {isa = PBXFileReference; lastKnownFileType = sourcecode.swift; path = RMCharacterStatus.swift; sourceTree = "<group>"; };
		3F171CCB2A293F1800E25F31 /* RMCharacterGender.swift */ = {isa = PBXFileReference; lastKnownFileType = sourcecode.swift; path = RMCharacterGender.swift; sourceTree = "<group>"; };
		3F8F9F302A2F88230023EBBA /* GetAllCharactersReponse.swift */ = {isa = PBXFileReference; lastKnownFileType = sourcecode.swift; path = GetAllCharactersReponse.swift; sourceTree = "<group>"; };
/* End PBXFileReference section */

/* Begin PBXFrameworksBuildPhase section */
		3F171C8D2A27981400E25F31 /* Frameworks */ = {
			isa = PBXFrameworksBuildPhase;
			buildActionMask = 2147483647;
			files = (
			);
			runOnlyForDeploymentPostprocessing = 0;
		};
/* End PBXFrameworksBuildPhase section */

/* Begin PBXGroup section */
		3F171C872A27981400E25F31 = {
			isa = PBXGroup;
			children = (
				3F171C922A27981400E25F31 /* RickAndMorty */,
				3F171C912A27981400E25F31 /* Products */,
			);
			sourceTree = "<group>";
		};
		3F171C912A27981400E25F31 /* Products */ = {
			isa = PBXGroup;
			children = (
				3F171C902A27981400E25F31 /* RickAndMorty.app */,
			);
			name = Products;
			sourceTree = "<group>";
		};
		3F171C922A27981400E25F31 /* RickAndMorty */ = {
			isa = PBXGroup;
			children = (
				3F171CAD2A27A68E00E25F31 /* Views */,
				3F171CAC2A27A67300E25F31 /* APIClient */,
				3F171CAB2A27A66400E25F31 /* Resouces */,
				3F171CA92A279DD200E25F31 /* Managers */,
				3F171CA82A279DC800E25F31 /* ViewModels */,
				3F171CAE2A27A69600E25F31 /* Models */,
				3F171CA72A279DB300E25F31 /* Controllers */,
				3F171CA12A27981800E25F31 /* Info.plist */,
			);
			path = RickAndMorty;
			sourceTree = "<group>";
		};
		3F171CA72A279DB300E25F31 /* Controllers */ = {
			isa = PBXGroup;
			children = (
				3F171CB52A27A81F00E25F31 /* Core */,
			);
			path = Controllers;
			sourceTree = "<group>";
		};
		3F171CA82A279DC800E25F31 /* ViewModels */ = {
			isa = PBXGroup;
			children = (
			);
			path = ViewModels;
			sourceTree = "<group>";
		};
		3F171CA92A279DD200E25F31 /* Managers */ = {
			isa = PBXGroup;
			children = (
			);
			path = Managers;
			sourceTree = "<group>";
		};
		3F171CAB2A27A66400E25F31 /* Resouces */ = {
			isa = PBXGroup;
			children = (
				3F171C9C2A27981800E25F31 /* Assets.xcassets */,
				3F171C9E2A27981800E25F31 /* LaunchScreen.storyboard */,
				3F171C952A27981400E25F31 /* SceneDelegate.swift */,
				3F171C932A27981400E25F31 /* AppDelegate.swift */,
			);
			path = Resouces;
			sourceTree = "<group>";
		};
		3F171CAC2A27A67300E25F31 /* APIClient */ = {
			isa = PBXGroup;
			children = (
				3F171CBF2A29351400E25F31 /* RMNetwork.swift */,
				3F171CC12A29352A00E25F31 /* RMRequest.swift */,
				3F171CC32A2935D900E25F31 /* RMEndPoint.swift */,
			);
			path = APIClient;
			sourceTree = "<group>";
		};
		3F171CAD2A27A68E00E25F31 /* Views */ = {
			isa = PBXGroup;
			children = (
			);
			path = Views;
			sourceTree = "<group>";
		};
		3F171CAE2A27A69600E25F31 /* Models */ = {
			isa = PBXGroup;
			children = (
				3F8F9F2F2A2F87E90023EBBA /* APIResponseTypes */,
				3F8F9F2E2A2F87CC0023EBBA /* DataTypes */,
			);
			path = Models;
			sourceTree = "<group>";
		};
		3F171CB52A27A81F00E25F31 /* Core */ = {
			isa = PBXGroup;
			children = (
				3F171C972A27981400E25F31 /* RMTabBarController.swift */,
				3F171CB62A27A84F00E25F31 /* RMCharacterViewController.swift */,
				3F171CB82A27A86E00E25F31 /* RMLocationViewController.swift */,
				3F171CBA2A27A89200E25F31 /* RMEpisodeViewController.swift */,
				3F171CBC2A27A8B700E25F31 /* RMSettingsViewController.swift */,
			);
			path = Core;
			sourceTree = "<group>";
		};
		3F8F9F2E2A2F87CC0023EBBA /* DataTypes */ = {
			isa = PBXGroup;
			children = (
				3F171CAF2A27A79D00E25F31 /* RMLocation.swift */,
				3F171CB12A27A7AF00E25F31 /* RMCharacter.swift */,
				3F171CB32A27A7C600E25F31 /* RMEpisode.swift */,
				3F171CC52A293BC500E25F31 /* RMOrigin.swift */,
				3F171CC72A293C8000E25F31 /* RMSingleLocation.swift */,
				3F171CC92A293E8600E25F31 /* RMCharacterStatus.swift */,
				3F171CCB2A293F1800E25F31 /* RMCharacterGender.swift */,
			);
			path = DataTypes;
			sourceTree = "<group>";
		};
		3F8F9F2F2A2F87E90023EBBA /* APIResponseTypes */ = {
			isa = PBXGroup;
			children = (
				3F8F9F302A2F88230023EBBA /* GetAllCharactersReponse.swift */,
			);
			path = APIResponseTypes;
			sourceTree = "<group>";
		};
/* End PBXGroup section */

/* Begin PBXNativeTarget section */
		3F171C8F2A27981400E25F31 /* RickAndMorty */ = {
			isa = PBXNativeTarget;
			buildConfigurationList = 3F171CA42A27981800E25F31 /* Build configuration list for PBXNativeTarget "RickAndMorty" */;
			buildPhases = (
				3F171C8C2A27981400E25F31 /* Sources */,
				3F171CBE2A27B67D00E25F31 /* Run Script */,
				3F171C8D2A27981400E25F31 /* Frameworks */,
				3F171C8E2A27981400E25F31 /* Resources */,
			);
			buildRules = (
			);
			dependencies = (
			);
			name = RickAndMorty;
			productName = RickAndMorty;
			productReference = 3F171C902A27981400E25F31 /* RickAndMorty.app */;
			productType = "com.apple.product-type.application";
		};
/* End PBXNativeTarget section */

/* Begin PBXProject section */
		3F171C882A27981400E25F31 /* Project object */ = {
			isa = PBXProject;
			attributes = {
				BuildIndependentTargetsInParallel = 1;
				LastSwiftUpdateCheck = 1430;
				LastUpgradeCheck = 1430;
				TargetAttributes = {
					3F171C8F2A27981400E25F31 = {
						CreatedOnToolsVersion = 14.3;
					};
				};
			};
			buildConfigurationList = 3F171C8B2A27981400E25F31 /* Build configuration list for PBXProject "RickAndMorty" */;
			compatibilityVersion = "Xcode 14.0";
			developmentRegion = en;
			hasScannedForEncodings = 0;
			knownRegions = (
				en,
				Base,
			);
			mainGroup = 3F171C872A27981400E25F31;
			productRefGroup = 3F171C912A27981400E25F31 /* Products */;
			projectDirPath = "";
			projectRoot = "";
			targets = (
				3F171C8F2A27981400E25F31 /* RickAndMorty */,
			);
		};
/* End PBXProject section */

/* Begin PBXResourcesBuildPhase section */
		3F171C8E2A27981400E25F31 /* Resources */ = {
			isa = PBXResourcesBuildPhase;
			buildActionMask = 2147483647;
			files = (
				3F171CA02A27981800E25F31 /* LaunchScreen.storyboard in Resources */,
				3F171C9D2A27981800E25F31 /* Assets.xcassets in Resources */,
			);
			runOnlyForDeploymentPostprocessing = 0;
		};
/* End PBXResourcesBuildPhase section */

/* Begin PBXShellScriptBuildPhase section */
		3F171CBE2A27B67D00E25F31 /* Run Script */ = {
			isa = PBXShellScriptBuildPhase;
			alwaysOutOfDate = 1;
			buildActionMask = 2147483647;
			files = (
			);
			inputFileListPaths = (
			);
			inputPaths = (
			);
			name = "Run Script";
			outputFileListPaths = (
			);
			outputPaths = (
			);
			runOnlyForDeploymentPostprocessing = 0;
			shellPath = /bin/sh;
			shellScript = "# Type a script or drag a script file from your workspace to insert its path.\nif which swiftlint >/dev/null; then\n    swiftlint\nelse\n    echo \"warning: SwiftLint not installed, download from https://github.com/realm/SwiftLint\"\nfi\n";
		};
/* End PBXShellScriptBuildPhase section */

/* Begin PBXSourcesBuildPhase section */
		3F171C8C2A27981400E25F31 /* Sources */ = {
			isa = PBXSourcesBuildPhase;
			buildActionMask = 2147483647;
			files = (
				3F171CC62A293BC500E25F31 /* RMOrigin.swift in Sources */,
				3F171CC82A293C8000E25F31 /* RMSingleLocation.swift in Sources */,
				3F171CCA2A293E8600E25F31 /* RMCharacterStatus.swift in Sources */,
				3F171CCC2A293F1800E25F31 /* RMCharacterGender.swift in Sources */,
				3F171CB92A27A86E00E25F31 /* RMLocationViewController.swift in Sources */,
				3F171C982A27981400E25F31 /* RMTabBarController.swift in Sources */,
				3F171C942A27981400E25F31 /* AppDelegate.swift in Sources */,
				3F171CBB2A27A89200E25F31 /* RMEpisodeViewController.swift in Sources */,
				3F171CB42A27A7C600E25F31 /* RMEpisode.swift in Sources */,
				3F171C962A27981400E25F31 /* SceneDelegate.swift in Sources */,
				3F171CBD2A27A8B700E25F31 /* RMSettingsViewController.swift in Sources */,
				3F8F9F312A2F88230023EBBA /* GetAllCharactersReponse.swift in Sources */,
				3F171CC42A2935D900E25F31 /* RMEndPoint.swift in Sources */,
				3F171CC02A29351400E25F31 /* RMNetwork.swift in Sources */,
				3F171CB02A27A79D00E25F31 /* RMLocation.swift in Sources */,
				3F171CB22A27A7AF00E25F31 /* RMCharacter.swift in Sources */,
				3F171CC22A29352A00E25F31 /* RMRequest.swift in Sources */,
				3F171CB72A27A84F00E25F31 /* RMCharacterViewController.swift in Sources */,
			);
			runOnlyForDeploymentPostprocessing = 0;
		};
/* End PBXSourcesBuildPhase section */

/* Begin PBXVariantGroup section */
		3F171C9E2A27981800E25F31 /* LaunchScreen.storyboard */ = {
			isa = PBXVariantGroup;
			children = (
				3F171C9F2A27981800E25F31 /* Base */,
			);
			name = LaunchScreen.storyboard;
			sourceTree = "<group>";
		};
/* End PBXVariantGroup section */

/* Begin XCBuildConfiguration section */
		3F171CA22A27981800E25F31 /* Debug */ = {
			isa = XCBuildConfiguration;
			buildSettings = {
				ALWAYS_SEARCH_USER_PATHS = NO;
				CLANG_ANALYZER_NONNULL = YES;
				CLANG_ANALYZER_NUMBER_OBJECT_CONVERSION = YES_AGGRESSIVE;
				CLANG_CXX_LANGUAGE_STANDARD = "gnu++20";
				CLANG_ENABLE_MODULES = YES;
				CLANG_ENABLE_OBJC_ARC = YES;
				CLANG_ENABLE_OBJC_WEAK = YES;
				CLANG_WARN_BLOCK_CAPTURE_AUTORELEASING = YES;
				CLANG_WARN_BOOL_CONVERSION = YES;
				CLANG_WARN_COMMA = YES;
				CLANG_WARN_CONSTANT_CONVERSION = YES;
				CLANG_WARN_DEPRECATED_OBJC_IMPLEMENTATIONS = YES;
				CLANG_WARN_DIRECT_OBJC_ISA_USAGE = YES_ERROR;
				CLANG_WARN_DOCUMENTATION_COMMENTS = YES;
				CLANG_WARN_EMPTY_BODY = YES;
				CLANG_WARN_ENUM_CONVERSION = YES;
				CLANG_WARN_INFINITE_RECURSION = YES;
				CLANG_WARN_INT_CONVERSION = YES;
				CLANG_WARN_NON_LITERAL_NULL_CONVERSION = YES;
				CLANG_WARN_OBJC_IMPLICIT_RETAIN_SELF = YES;
				CLANG_WARN_OBJC_LITERAL_CONVERSION = YES;
				CLANG_WARN_OBJC_ROOT_CLASS = YES_ERROR;
				CLANG_WARN_QUOTED_INCLUDE_IN_FRAMEWORK_HEADER = YES;
				CLANG_WARN_RANGE_LOOP_ANALYSIS = YES;
				CLANG_WARN_STRICT_PROTOTYPES = YES;
				CLANG_WARN_SUSPICIOUS_MOVE = YES;
				CLANG_WARN_UNGUARDED_AVAILABILITY = YES_AGGRESSIVE;
				CLANG_WARN_UNREACHABLE_CODE = YES;
				CLANG_WARN__DUPLICATE_METHOD_MATCH = YES;
				COPY_PHASE_STRIP = NO;
				DEBUG_INFORMATION_FORMAT = dwarf;
				ENABLE_STRICT_OBJC_MSGSEND = YES;
				ENABLE_TESTABILITY = YES;
				GCC_C_LANGUAGE_STANDARD = gnu11;
				GCC_DYNAMIC_NO_PIC = NO;
				GCC_NO_COMMON_BLOCKS = YES;
				GCC_OPTIMIZATION_LEVEL = 0;
				GCC_PREPROCESSOR_DEFINITIONS = (
					"DEBUG=1",
					"$(inherited)",
				);
				GCC_WARN_64_TO_32_BIT_CONVERSION = YES;
				GCC_WARN_ABOUT_RETURN_TYPE = YES_ERROR;
				GCC_WARN_UNDECLARED_SELECTOR = YES;
				GCC_WARN_UNINITIALIZED_AUTOS = YES_AGGRESSIVE;
				GCC_WARN_UNUSED_FUNCTION = YES;
				GCC_WARN_UNUSED_VARIABLE = YES;
				IPHONEOS_DEPLOYMENT_TARGET = 16.4;
				MTL_ENABLE_DEBUG_INFO = INCLUDE_SOURCE;
				MTL_FAST_MATH = YES;
				ONLY_ACTIVE_ARCH = YES;
				SDKROOT = iphoneos;
				SWIFT_ACTIVE_COMPILATION_CONDITIONS = DEBUG;
				SWIFT_OPTIMIZATION_LEVEL = "-Onone";
			};
			name = Debug;
		};
		3F171CA32A27981800E25F31 /* Release */ = {
			isa = XCBuildConfiguration;
			buildSettings = {
				ALWAYS_SEARCH_USER_PATHS = NO;
				CLANG_ANALYZER_NONNULL = YES;
				CLANG_ANALYZER_NUMBER_OBJECT_CONVERSION = YES_AGGRESSIVE;
				CLANG_CXX_LANGUAGE_STANDARD = "gnu++20";
				CLANG_ENABLE_MODULES = YES;
				CLANG_ENABLE_OBJC_ARC = YES;
				CLANG_ENABLE_OBJC_WEAK = YES;
				CLANG_WARN_BLOCK_CAPTURE_AUTORELEASING = YES;
				CLANG_WARN_BOOL_CONVERSION = YES;
				CLANG_WARN_COMMA = YES;
				CLANG_WARN_CONSTANT_CONVERSION = YES;
				CLANG_WARN_DEPRECATED_OBJC_IMPLEMENTATIONS = YES;
				CLANG_WARN_DIRECT_OBJC_ISA_USAGE = YES_ERROR;
				CLANG_WARN_DOCUMENTATION_COMMENTS = YES;
				CLANG_WARN_EMPTY_BODY = YES;
				CLANG_WARN_ENUM_CONVERSION = YES;
				CLANG_WARN_INFINITE_RECURSION = YES;
				CLANG_WARN_INT_CONVERSION = YES;
				CLANG_WARN_NON_LITERAL_NULL_CONVERSION = YES;
				CLANG_WARN_OBJC_IMPLICIT_RETAIN_SELF = YES;
				CLANG_WARN_OBJC_LITERAL_CONVERSION = YES;
				CLANG_WARN_OBJC_ROOT_CLASS = YES_ERROR;
				CLANG_WARN_QUOTED_INCLUDE_IN_FRAMEWORK_HEADER = YES;
				CLANG_WARN_RANGE_LOOP_ANALYSIS = YES;
				CLANG_WARN_STRICT_PROTOTYPES = YES;
				CLANG_WARN_SUSPICIOUS_MOVE = YES;
				CLANG_WARN_UNGUARDED_AVAILABILITY = YES_AGGRESSIVE;
				CLANG_WARN_UNREACHABLE_CODE = YES;
				CLANG_WARN__DUPLICATE_METHOD_MATCH = YES;
				COPY_PHASE_STRIP = NO;
				DEBUG_INFORMATION_FORMAT = "dwarf-with-dsym";
				ENABLE_NS_ASSERTIONS = NO;
				ENABLE_STRICT_OBJC_MSGSEND = YES;
				GCC_C_LANGUAGE_STANDARD = gnu11;
				GCC_NO_COMMON_BLOCKS = YES;
				GCC_WARN_64_TO_32_BIT_CONVERSION = YES;
				GCC_WARN_ABOUT_RETURN_TYPE = YES_ERROR;
				GCC_WARN_UNDECLARED_SELECTOR = YES;
				GCC_WARN_UNINITIALIZED_AUTOS = YES_AGGRESSIVE;
				GCC_WARN_UNUSED_FUNCTION = YES;
				GCC_WARN_UNUSED_VARIABLE = YES;
				IPHONEOS_DEPLOYMENT_TARGET = 16.4;
				MTL_ENABLE_DEBUG_INFO = NO;
				MTL_FAST_MATH = YES;
				SDKROOT = iphoneos;
				SWIFT_COMPILATION_MODE = wholemodule;
				SWIFT_OPTIMIZATION_LEVEL = "-O";
				VALIDATE_PRODUCT = YES;
			};
			name = Release;
		};
		3F171CA52A27981800E25F31 /* Debug */ = {
			isa = XCBuildConfiguration;
			buildSettings = {
				ASSETCATALOG_COMPILER_APPICON_NAME = AppIcon;
				ASSETCATALOG_COMPILER_GLOBAL_ACCENT_COLOR_NAME = AccentColor;
				CODE_SIGN_STYLE = Automatic;
				CURRENT_PROJECT_VERSION = 1;
				DEVELOPMENT_TEAM = KFZL23PDH7;
				GENERATE_INFOPLIST_FILE = YES;
				INFOPLIST_FILE = RickAndMorty/Info.plist;
				INFOPLIST_KEY_UIApplicationSupportsIndirectInputEvents = YES;
				INFOPLIST_KEY_UILaunchStoryboardName = LaunchScreen;
				INFOPLIST_KEY_UISupportedInterfaceOrientations_iPad = "UIInterfaceOrientationPortrait UIInterfaceOrientationPortraitUpsideDown UIInterfaceOrientationLandscapeLeft UIInterfaceOrientationLandscapeRight";
				INFOPLIST_KEY_UISupportedInterfaceOrientations_iPhone = "UIInterfaceOrientationPortrait UIInterfaceOrientationLandscapeLeft UIInterfaceOrientationLandscapeRight";
				LD_RUNPATH_SEARCH_PATHS = (
					"$(inherited)",
					"@executable_path/Frameworks",
				);
				MARKETING_VERSION = 1.0;
				PRODUCT_BUNDLE_IDENTIFIER = com.verisk.RickAndMorty;
				PRODUCT_NAME = "$(TARGET_NAME)";
				SWIFT_EMIT_LOC_STRINGS = YES;
				SWIFT_VERSION = 5.0;
				TARGETED_DEVICE_FAMILY = "1,2";
			};
			name = Debug;
		};
		3F171CA62A27981800E25F31 /* Release */ = {
			isa = XCBuildConfiguration;
			buildSettings = {
				ASSETCATALOG_COMPILER_APPICON_NAME = AppIcon;
				ASSETCATALOG_COMPILER_GLOBAL_ACCENT_COLOR_NAME = AccentColor;
				CODE_SIGN_STYLE = Automatic;
				CURRENT_PROJECT_VERSION = 1;
				DEVELOPMENT_TEAM = KFZL23PDH7;
				GENERATE_INFOPLIST_FILE = YES;
				INFOPLIST_FILE = RickAndMorty/Info.plist;
				INFOPLIST_KEY_UIApplicationSupportsIndirectInputEvents = YES;
				INFOPLIST_KEY_UILaunchStoryboardName = LaunchScreen;
				INFOPLIST_KEY_UISupportedInterfaceOrientations_iPad = "UIInterfaceOrientationPortrait UIInterfaceOrientationPortraitUpsideDown UIInterfaceOrientationLandscapeLeft UIInterfaceOrientationLandscapeRight";
				INFOPLIST_KEY_UISupportedInterfaceOrientations_iPhone = "UIInterfaceOrientationPortrait UIInterfaceOrientationLandscapeLeft UIInterfaceOrientationLandscapeRight";
				LD_RUNPATH_SEARCH_PATHS = (
					"$(inherited)",
					"@executable_path/Frameworks",
				);
				MARKETING_VERSION = 1.0;
				PRODUCT_BUNDLE_IDENTIFIER = com.verisk.RickAndMorty;
				PRODUCT_NAME = "$(TARGET_NAME)";
				SWIFT_EMIT_LOC_STRINGS = YES;
				SWIFT_VERSION = 5.0;
				TARGETED_DEVICE_FAMILY = "1,2";
			};
			name = Release;
		};
/* End XCBuildConfiguration section */

/* Begin XCConfigurationList section */
		3F171C8B2A27981400E25F31 /* Build configuration list for PBXProject "RickAndMorty" */ = {
			isa = XCConfigurationList;
			buildConfigurations = (
				3F171CA22A27981800E25F31 /* Debug */,
				3F171CA32A27981800E25F31 /* Release */,
			);
			defaultConfigurationIsVisible = 0;
			defaultConfigurationName = Release;
		};
		3F171CA42A27981800E25F31 /* Build configuration list for PBXNativeTarget "RickAndMorty" */ = {
			isa = XCConfigurationList;
			buildConfigurations = (
				3F171CA52A27981800E25F31 /* Debug */,
				3F171CA62A27981800E25F31 /* Release */,
			);
			defaultConfigurationIsVisible = 0;
			defaultConfigurationName = Release;
		};
/* End XCConfigurationList section */
	};
	rootObject = 3F171C882A27981400E25F31 /* Project object */;
}
